
Microsoft Visual Studio Solution File, Format Version 12.00
# Visual Studio Version 17
VisualStudioVersion = 17.14.35920.284
MinimumVisualStudioVersion = 10.0.40219.1
Project("{8BC9CEB8-8B4A-11D0-8D11-00A0C91BC942}") = "Detours", "Detours.vcxproj", "{37489709-8054-4903-9C49-A79846049FC9}"
EndProject
Project("{8BC9CEB8-8B4A-11D0-8D11-00A0C91BC942}") = "CPPConsoleApplication", "..\CPPConsoleApplication\CPPConsoleApplication.vcxproj", "{7FD40BD0-86D0-43C6-BDC1-C6121726E162}"
EndProject
Project("{8BC9CEB8-8B4A-11D0-8D11-00A0C91BC942}") = "CLRDetourWrapper", "..\CLRDetourWrapper\CLRDetourWrapper.vcxproj", "{4554FBF3-563E-DC03-8ECA-4D3AE24BA9A0}"
EndProject
Project("{FAE04EC0-301F-11D3-BF4B-00C04F79EFBC}") = "ConsoleAppFramework", "..\ConsoleAppFramework\ConsoleAppFramework.csproj", "{A3ADCB80-CCC7-47C9-8B28-8F1909A8E0B7}"
EndProject
Project("{8BC9CEB8-8B4A-11D0-8D11-00A0C91BC942}") = "NetCLRDetourWrapper", "..\NetCLRDetourWrapper\NetCLRDetourWrapper.vcxproj", "{BD391C05-BD57-7D1B-4EC2-BAC803B95937}"
EndProject
Global
	GlobalSection(SolutionConfigurationPlatforms) = preSolution
		Debug|Any CPU = Debug|Any CPU
		Debug|ARM = Debug|ARM
		Debug|ARM64 = Debug|ARM64
		Debug|x64 = Debug|x64
		Debug|x86 = Debug|x86
		DebugMDd|Any CPU = DebugMDd|Any CPU
		DebugMDd|ARM = DebugMDd|ARM
		DebugMDd|ARM64 = DebugMDd|ARM64
		DebugMDd|x64 = DebugMDd|x64
		DebugMDd|x86 = DebugMDd|x86
		Release|Any CPU = Release|Any CPU
		Release|ARM = Release|ARM
		Release|ARM64 = Release|ARM64
		Release|x64 = Release|x64
		Release|x86 = Release|x86
		ReleaseMD|Any CPU = ReleaseMD|Any CPU
		ReleaseMD|ARM = ReleaseMD|ARM
		ReleaseMD|ARM64 = ReleaseMD|ARM64
		ReleaseMD|x64 = ReleaseMD|x64
		ReleaseMD|x86 = ReleaseMD|x86
	EndGlobalSection
	GlobalSection(ProjectConfigurationPlatforms) = postSolution
		{37489709-8054-4903-9C49-A79846049FC9}.Debug|Any CPU.ActiveCfg = DebugMDd|x64
		{37489709-8054-4903-9C49-A79846049FC9}.Debug|Any CPU.Build.0 = DebugMDd|x64
		{37489709-8054-4903-9C49-A79846049FC9}.Debug|ARM.ActiveCfg = DebugMDd|ARM
		{37489709-8054-4903-9C49-A79846049FC9}.Debug|ARM.Build.0 = DebugMDd|ARM
		{37489709-8054-4903-9C49-A79846049FC9}.Debug|ARM64.ActiveCfg = DebugMDd|ARM64
		{37489709-8054-4903-9C49-A79846049FC9}.Debug|ARM64.Build.0 = DebugMDd|ARM64
		{37489709-8054-4903-9C49-A79846049FC9}.Debug|x64.ActiveCfg = DebugMDd|x64
		{37489709-8054-4903-9C49-A79846049FC9}.Debug|x64.Build.0 = DebugMDd|x64
		{37489709-8054-4903-9C49-A79846049FC9}.Debug|x86.ActiveCfg = DebugMDd|Win32
		{37489709-8054-4903-9C49-A79846049FC9}.Debug|x86.Build.0 = DebugMDd|Win32
		{37489709-8054-4903-9C49-A79846049FC9}.DebugMDd|Any CPU.ActiveCfg = DebugMDd|x64
		{37489709-8054-4903-9C49-A79846049FC9}.DebugMDd|Any CPU.Build.0 = DebugMDd|x64
		{37489709-8054-4903-9C49-A79846049FC9}.DebugMDd|ARM.ActiveCfg = DebugMDd|ARM
		{37489709-8054-4903-9C49-A79846049FC9}.DebugMDd|ARM.Build.0 = DebugMDd|ARM
		{37489709-8054-4903-9C49-A79846049FC9}.DebugMDd|ARM64.ActiveCfg = DebugMDd|ARM64
		{37489709-8054-4903-9C49-A79846049FC9}.DebugMDd|ARM64.Build.0 = DebugMDd|ARM64
		{37489709-8054-4903-9C49-A79846049FC9}.DebugMDd|x64.ActiveCfg = DebugMDd|x64
		{37489709-8054-4903-9C49-A79846049FC9}.DebugMDd|x64.Build.0 = DebugMDd|x64
		{37489709-8054-4903-9C49-A79846049FC9}.DebugMDd|x86.ActiveCfg = DebugMDd|Win32
		{37489709-8054-4903-9C49-A79846049FC9}.DebugMDd|x86.Build.0 = DebugMDd|Win32
		{37489709-8054-4903-9C49-A79846049FC9}.Release|Any CPU.ActiveCfg = ReleaseMD|x64
		{37489709-8054-4903-9C49-A79846049FC9}.Release|Any CPU.Build.0 = ReleaseMD|x64
		{37489709-8054-4903-9C49-A79846049FC9}.Release|ARM.ActiveCfg = ReleaseMD|ARM
		{37489709-8054-4903-9C49-A79846049FC9}.Release|ARM.Build.0 = ReleaseMD|ARM
		{37489709-8054-4903-9C49-A79846049FC9}.Release|ARM64.ActiveCfg = ReleaseMD|ARM64
		{37489709-8054-4903-9C49-A79846049FC9}.Release|ARM64.Build.0 = ReleaseMD|ARM64
		{37489709-8054-4903-9C49-A79846049FC9}.Release|x64.ActiveCfg = ReleaseMD|x64
		{37489709-8054-4903-9C49-A79846049FC9}.Release|x64.Build.0 = ReleaseMD|x64
		{37489709-8054-4903-9C49-A79846049FC9}.Release|x86.ActiveCfg = ReleaseMD|Win32
		{37489709-8054-4903-9C49-A79846049FC9}.Release|x86.Build.0 = ReleaseMD|Win32
		{37489709-8054-4903-9C49-A79846049FC9}.ReleaseMD|Any CPU.ActiveCfg = ReleaseMD|x64
		{37489709-8054-4903-9C49-A79846049FC9}.ReleaseMD|Any CPU.Build.0 = ReleaseMD|x64
		{37489709-8054-4903-9C49-A79846049FC9}.ReleaseMD|ARM.ActiveCfg = ReleaseMD|ARM
		{37489709-8054-4903-9C49-A79846049FC9}.ReleaseMD|ARM.Build.0 = ReleaseMD|ARM
		{37489709-8054-4903-9C49-A79846049FC9}.ReleaseMD|ARM64.ActiveCfg = ReleaseMD|ARM64
		{37489709-8054-4903-9C49-A79846049FC9}.ReleaseMD|ARM64.Build.0 = ReleaseMD|ARM64
		{37489709-8054-4903-9C49-A79846049FC9}.ReleaseMD|x64.ActiveCfg = ReleaseMD|x64
		{37489709-8054-4903-9C49-A79846049FC9}.ReleaseMD|x64.Build.0 = ReleaseMD|x64
		{37489709-8054-4903-9C49-A79846049FC9}.ReleaseMD|x86.ActiveCfg = ReleaseMD|Win32
		{37489709-8054-4903-9C49-A79846049FC9}.ReleaseMD|x86.Build.0 = ReleaseMD|Win32
		{7FD40BD0-86D0-43C6-BDC1-C6121726E162}.Debug|Any CPU.ActiveCfg = Debug|x64
		{7FD40BD0-86D0-43C6-BDC1-C6121726E162}.Debug|Any CPU.Build.0 = Debug|x64
		{7FD40BD0-86D0-43C6-BDC1-C6121726E162}.Debug|ARM.ActiveCfg = Debug|x64
		{7FD40BD0-86D0-43C6-BDC1-C6121726E162}.Debug|ARM.Build.0 = Debug|x64
		{7FD40BD0-86D0-43C6-BDC1-C6121726E162}.Debug|ARM64.ActiveCfg = Debug|x64
		{7FD40BD0-86D0-43C6-BDC1-C6121726E162}.Debug|ARM64.Build.0 = Debug|x64
		{7FD40BD0-86D0-43C6-BDC1-C6121726E162}.Debug|x64.ActiveCfg = Debug|x64
		{7FD40BD0-86D0-43C6-BDC1-C6121726E162}.Debug|x64.Build.0 = Debug|x64
		{7FD40BD0-86D0-43C6-BDC1-C6121726E162}.Debug|x86.ActiveCfg = Debug|Win32
		{7FD40BD0-86D0-43C6-BDC1-C6121726E162}.Debug|x86.Build.0 = Debug|Win32
		{7FD40BD0-86D0-43C6-BDC1-C6121726E162}.DebugMDd|Any CPU.ActiveCfg = Debug|x64
		{7FD40BD0-86D0-43C6-BDC1-C6121726E162}.DebugMDd|Any CPU.Build.0 = Debug|x64
		{7FD40BD0-86D0-43C6-BDC1-C6121726E162}.DebugMDd|ARM.ActiveCfg = Debug|x64
		{7FD40BD0-86D0-43C6-BDC1-C6121726E162}.DebugMDd|ARM.Build.0 = Debug|x64
		{7FD40BD0-86D0-43C6-BDC1-C6121726E162}.DebugMDd|ARM64.ActiveCfg = Debug|x64
		{7FD40BD0-86D0-43C6-BDC1-C6121726E162}.DebugMDd|ARM64.Build.0 = Debug|x64
		{7FD40BD0-86D0-43C6-BDC1-C6121726E162}.DebugMDd|x64.ActiveCfg = Debug|x64
		{7FD40BD0-86D0-43C6-BDC1-C6121726E162}.DebugMDd|x64.Build.0 = Debug|x64
		{7FD40BD0-86D0-43C6-BDC1-C6121726E162}.DebugMDd|x86.ActiveCfg = Debug|Win32
		{7FD40BD0-86D0-43C6-BDC1-C6121726E162}.DebugMDd|x86.Build.0 = Debug|Win32
		{7FD40BD0-86D0-43C6-BDC1-C6121726E162}.Release|Any CPU.ActiveCfg = Release|x64
		{7FD40BD0-86D0-43C6-BDC1-C6121726E162}.Release|Any CPU.Build.0 = Release|x64
		{7FD40BD0-86D0-43C6-BDC1-C6121726E162}.Release|ARM.ActiveCfg = Release|x64
		{7FD40BD0-86D0-43C6-BDC1-C6121726E162}.Release|ARM.Build.0 = Release|x64
		{7FD40BD0-86D0-43C6-BDC1-C6121726E162}.Release|ARM64.ActiveCfg = Release|x64
		{7FD40BD0-86D0-43C6-BDC1-C6121726E162}.Release|ARM64.Build.0 = Release|x64
		{7FD40BD0-86D0-43C6-BDC1-C6121726E162}.Release|x64.ActiveCfg = Release|x64
		{7FD40BD0-86D0-43C6-BDC1-C6121726E162}.Release|x64.Build.0 = Release|x64
		{7FD40BD0-86D0-43C6-BDC1-C6121726E162}.Release|x86.ActiveCfg = Release|Win32
		{7FD40BD0-86D0-43C6-BDC1-C6121726E162}.Release|x86.Build.0 = Release|Win32
		{7FD40BD0-86D0-43C6-BDC1-C6121726E162}.ReleaseMD|Any CPU.ActiveCfg = Release|x64
		{7FD40BD0-86D0-43C6-BDC1-C6121726E162}.ReleaseMD|Any CPU.Build.0 = Release|x64
		{7FD40BD0-86D0-43C6-BDC1-C6121726E162}.ReleaseMD|ARM.ActiveCfg = Release|x64
		{7FD40BD0-86D0-43C6-BDC1-C6121726E162}.ReleaseMD|ARM.Build.0 = Release|x64
		{7FD40BD0-86D0-43C6-BDC1-C6121726E162}.ReleaseMD|ARM64.ActiveCfg = Release|x64
		{7FD40BD0-86D0-43C6-BDC1-C6121726E162}.ReleaseMD|ARM64.Build.0 = Release|x64
		{7FD40BD0-86D0-43C6-BDC1-C6121726E162}.ReleaseMD|x64.ActiveCfg = Release|x64
		{7FD40BD0-86D0-43C6-BDC1-C6121726E162}.ReleaseMD|x64.Build.0 = Release|x64
		{7FD40BD0-86D0-43C6-BDC1-C6121726E162}.ReleaseMD|x86.ActiveCfg = Release|Win32
		{7FD40BD0-86D0-43C6-BDC1-C6121726E162}.ReleaseMD|x86.Build.0 = Release|Win32
		{4554FBF3-563E-DC03-8ECA-4D3AE24BA9A0}.Debug|Any CPU.ActiveCfg = Debug|x64
		{4554FBF3-563E-DC03-8ECA-4D3AE24BA9A0}.Debug|Any CPU.Build.0 = Debug|x64
		{4554FBF3-563E-DC03-8ECA-4D3AE24BA9A0}.Debug|ARM.ActiveCfg = Debug|x64
		{4554FBF3-563E-DC03-8ECA-4D3AE24BA9A0}.Debug|ARM.Build.0 = Debug|x64
		{4554FBF3-563E-DC03-8ECA-4D3AE24BA9A0}.Debug|ARM64.ActiveCfg = Debug|x64
		{4554FBF3-563E-DC03-8ECA-4D3AE24BA9A0}.Debug|ARM64.Build.0 = Debug|x64
		{4554FBF3-563E-DC03-8ECA-4D3AE24BA9A0}.Debug|x64.ActiveCfg = Debug|x64
		{4554FBF3-563E-DC03-8ECA-4D3AE24BA9A0}.Debug|x64.Build.0 = Debug|x64
		{4554FBF3-563E-DC03-8ECA-4D3AE24BA9A0}.Debug|x86.ActiveCfg = Debug|Win32
		{4554FBF3-563E-DC03-8ECA-4D3AE24BA9A0}.Debug|x86.Build.0 = Debug|Win32
		{4554FBF3-563E-DC03-8ECA-4D3AE24BA9A0}.DebugMDd|Any CPU.ActiveCfg = Debug|x64
		{4554FBF3-563E-DC03-8ECA-4D3AE24BA9A0}.DebugMDd|Any CPU.Build.0 = Debug|x64
		{4554FBF3-563E-DC03-8ECA-4D3AE24BA9A0}.DebugMDd|ARM.ActiveCfg = Debug|x64
		{4554FBF3-563E-DC03-8ECA-4D3AE24BA9A0}.DebugMDd|ARM.Build.0 = Debug|x64
		{4554FBF3-563E-DC03-8ECA-4D3AE24BA9A0}.DebugMDd|ARM64.ActiveCfg = Debug|x64
		{4554FBF3-563E-DC03-8ECA-4D3AE24BA9A0}.DebugMDd|ARM64.Build.0 = Debug|x64
		{4554FBF3-563E-DC03-8ECA-4D3AE24BA9A0}.DebugMDd|x64.ActiveCfg = Debug|x64
		{4554FBF3-563E-DC03-8ECA-4D3AE24BA9A0}.DebugMDd|x64.Build.0 = Debug|x64
		{4554FBF3-563E-DC03-8ECA-4D3AE24BA9A0}.DebugMDd|x86.ActiveCfg = Debug|Win32
		{4554FBF3-563E-DC03-8ECA-4D3AE24BA9A0}.DebugMDd|x86.Build.0 = Debug|Win32
		{4554FBF3-563E-DC03-8ECA-4D3AE24BA9A0}.Release|Any CPU.ActiveCfg = Release|x64
		{4554FBF3-563E-DC03-8ECA-4D3AE24BA9A0}.Release|Any CPU.Build.0 = Release|x64
		{4554FBF3-563E-DC03-8ECA-4D3AE24BA9A0}.Release|ARM.ActiveCfg = Release|x64
		{4554FBF3-563E-DC03-8ECA-4D3AE24BA9A0}.Release|ARM.Build.0 = Release|x64
		{4554FBF3-563E-DC03-8ECA-4D3AE24BA9A0}.Release|ARM64.ActiveCfg = Release|x64
		{4554FBF3-563E-DC03-8ECA-4D3AE24BA9A0}.Release|ARM64.Build.0 = Release|x64
		{4554FBF3-563E-DC03-8ECA-4D3AE24BA9A0}.Release|x64.ActiveCfg = Release|x64
		{4554FBF3-563E-DC03-8ECA-4D3AE24BA9A0}.Release|x64.Build.0 = Release|x64
		{4554FBF3-563E-DC03-8ECA-4D3AE24BA9A0}.Release|x86.ActiveCfg = Release|Win32
		{4554FBF3-563E-DC03-8ECA-4D3AE24BA9A0}.Release|x86.Build.0 = Release|Win32
		{4554FBF3-563E-DC03-8ECA-4D3AE24BA9A0}.ReleaseMD|Any CPU.ActiveCfg = Release|x64
		{4554FBF3-563E-DC03-8ECA-4D3AE24BA9A0}.ReleaseMD|Any CPU.Build.0 = Release|x64
		{4554FBF3-563E-DC03-8ECA-4D3AE24BA9A0}.ReleaseMD|ARM.ActiveCfg = Release|x64
		{4554FBF3-563E-DC03-8ECA-4D3AE24BA9A0}.ReleaseMD|ARM.Build.0 = Release|x64
		{4554FBF3-563E-DC03-8ECA-4D3AE24BA9A0}.ReleaseMD|ARM64.ActiveCfg = Release|x64
		{4554FBF3-563E-DC03-8ECA-4D3AE24BA9A0}.ReleaseMD|ARM64.Build.0 = Release|x64
		{4554FBF3-563E-DC03-8ECA-4D3AE24BA9A0}.ReleaseMD|x64.ActiveCfg = Release|x64
		{4554FBF3-563E-DC03-8ECA-4D3AE24BA9A0}.ReleaseMD|x64.Build.0 = Release|x64
		{4554FBF3-563E-DC03-8ECA-4D3AE24BA9A0}.ReleaseMD|x86.ActiveCfg = Release|Win32
		{4554FBF3-563E-DC03-8ECA-4D3AE24BA9A0}.ReleaseMD|x86.Build.0 = Release|Win32
		{A3ADCB80-CCC7-47C9-8B28-8F1909A8E0B7}.Debug|Any CPU.ActiveCfg = Debug|Any CPU
		{A3ADCB80-CCC7-47C9-8B28-8F1909A8E0B7}.Debug|Any CPU.Build.0 = Debug|Any CPU
		{A3ADCB80-CCC7-47C9-8B28-8F1909A8E0B7}.Debug|ARM.ActiveCfg = Debug|Any CPU
		{A3ADCB80-CCC7-47C9-8B28-8F1909A8E0B7}.Debug|ARM.Build.0 = Debug|Any CPU
		{A3ADCB80-CCC7-47C9-8B28-8F1909A8E0B7}.Debug|ARM64.ActiveCfg = Debug|Any CPU
		{A3ADCB80-CCC7-47C9-8B28-8F1909A8E0B7}.Debug|ARM64.Build.0 = Debug|Any CPU
		{A3ADCB80-CCC7-47C9-8B28-8F1909A8E0B7}.Debug|x64.ActiveCfg = Debug|Any CPU
		{A3ADCB80-CCC7-47C9-8B28-8F1909A8E0B7}.Debug|x64.Build.0 = Debug|Any CPU
		{A3ADCB80-CCC7-47C9-8B28-8F1909A8E0B7}.Debug|x86.ActiveCfg = Debug|Any CPU
		{A3ADCB80-CCC7-47C9-8B28-8F1909A8E0B7}.Debug|x86.Build.0 = Debug|Any CPU
		{A3ADCB80-CCC7-47C9-8B28-8F1909A8E0B7}.DebugMDd|Any CPU.ActiveCfg = Debug|Any CPU
		{A3ADCB80-CCC7-47C9-8B28-8F1909A8E0B7}.DebugMDd|Any CPU.Build.0 = Debug|Any CPU
		{A3ADCB80-CCC7-47C9-8B28-8F1909A8E0B7}.DebugMDd|ARM.ActiveCfg = Debug|Any CPU
		{A3ADCB80-CCC7-47C9-8B28-8F1909A8E0B7}.DebugMDd|ARM.Build.0 = Debug|Any CPU
		{A3ADCB80-CCC7-47C9-8B28-8F1909A8E0B7}.DebugMDd|ARM64.ActiveCfg = Debug|Any CPU
		{A3ADCB80-CCC7-47C9-8B28-8F1909A8E0B7}.DebugMDd|ARM64.Build.0 = Debug|Any CPU
		{A3ADCB80-CCC7-47C9-8B28-8F1909A8E0B7}.DebugMDd|x64.ActiveCfg = Debug|Any CPU
		{A3ADCB80-CCC7-47C9-8B28-8F1909A8E0B7}.DebugMDd|x64.Build.0 = Debug|Any CPU
		{A3ADCB80-CCC7-47C9-8B28-8F1909A8E0B7}.DebugMDd|x86.ActiveCfg = Debug|Any CPU
		{A3ADCB80-CCC7-47C9-8B28-8F1909A8E0B7}.DebugMDd|x86.Build.0 = Debug|Any CPU
		{A3ADCB80-CCC7-47C9-8B28-8F1909A8E0B7}.Release|Any CPU.ActiveCfg = Release|Any CPU
		{A3ADCB80-CCC7-47C9-8B28-8F1909A8E0B7}.Release|Any CPU.Build.0 = Release|Any CPU
		{A3ADCB80-CCC7-47C9-8B28-8F1909A8E0B7}.Release|ARM.ActiveCfg = Release|Any CPU
		{A3ADCB80-CCC7-47C9-8B28-8F1909A8E0B7}.Release|ARM.Build.0 = Release|Any CPU
		{A3ADCB80-CCC7-47C9-8B28-8F1909A8E0B7}.Release|ARM64.ActiveCfg = Release|Any CPU
		{A3ADCB80-CCC7-47C9-8B28-8F1909A8E0B7}.Release|ARM64.Build.0 = Release|Any CPU
		{A3ADCB80-CCC7-47C9-8B28-8F1909A8E0B7}.Release|x64.ActiveCfg = Release|Any CPU
		{A3ADCB80-CCC7-47C9-8B28-8F1909A8E0B7}.Release|x64.Build.0 = Release|Any CPU
		{A3ADCB80-CCC7-47C9-8B28-8F1909A8E0B7}.Release|x86.ActiveCfg = Release|Any CPU
		{A3ADCB80-CCC7-47C9-8B28-8F1909A8E0B7}.Release|x86.Build.0 = Release|Any CPU
		{A3ADCB80-CCC7-47C9-8B28-8F1909A8E0B7}.ReleaseMD|Any CPU.ActiveCfg = Release|Any CPU
		{A3ADCB80-CCC7-47C9-8B28-8F1909A8E0B7}.ReleaseMD|Any CPU.Build.0 = Release|Any CPU
		{A3ADCB80-CCC7-47C9-8B28-8F1909A8E0B7}.ReleaseMD|ARM.ActiveCfg = Release|Any CPU
		{A3ADCB80-CCC7-47C9-8B28-8F1909A8E0B7}.ReleaseMD|ARM.Build.0 = Release|Any CPU
		{A3ADCB80-CCC7-47C9-8B28-8F1909A8E0B7}.ReleaseMD|ARM64.ActiveCfg = Release|Any CPU
		{A3ADCB80-CCC7-47C9-8B28-8F1909A8E0B7}.ReleaseMD|ARM64.Build.0 = Release|Any CPU
		{A3ADCB80-CCC7-47C9-8B28-8F1909A8E0B7}.ReleaseMD|x64.ActiveCfg = Release|Any CPU
		{A3ADCB80-CCC7-47C9-8B28-8F1909A8E0B7}.ReleaseMD|x64.Build.0 = Release|Any CPU
		{A3ADCB80-CCC7-47C9-8B28-8F1909A8E0B7}.ReleaseMD|x86.ActiveCfg = Release|Any CPU
		{A3ADCB80-CCC7-47C9-8B28-8F1909A8E0B7}.ReleaseMD|x86.Build.0 = Release|Any CPU
		{BD391C05-BD57-7D1B-4EC2-BAC803B95937}.Debug|Any CPU.ActiveCfg = Debug|x64
		{BD391C05-BD57-7D1B-4EC2-BAC803B95937}.Debug|Any CPU.Build.0 = Debug|x64
		{BD391C05-BD57-7D1B-4EC2-BAC803B95937}.Debug|ARM.ActiveCfg = Debug|x64
		{BD391C05-BD57-7D1B-4EC2-BAC803B95937}.Debug|ARM.Build.0 = Debug|x64
		{BD391C05-BD57-7D1B-4EC2-BAC803B95937}.Debug|ARM64.ActiveCfg = Debug|x64
		{BD391C05-BD57-7D1B-4EC2-BAC803B95937}.Debug|ARM64.Build.0 = Debug|x64
		{BD391C05-BD57-7D1B-4EC2-BAC803B95937}.Debug|x64.ActiveCfg = Debug|x64
		{BD391C05-BD57-7D1B-4EC2-BAC803B95937}.Debug|x64.Build.0 = Debug|x64
		{BD391C05-BD57-7D1B-4EC2-BAC803B95937}.Debug|x86.ActiveCfg = Debug|Win32
		{BD391C05-BD57-7D1B-4EC2-BAC803B95937}.Debug|x86.Build.0 = Debug|Win32
		{BD391C05-BD57-7D1B-4EC2-BAC803B95937}.DebugMDd|Any CPU.ActiveCfg = Debug|x64
		{BD391C05-BD57-7D1B-4EC2-BAC803B95937}.DebugMDd|Any CPU.Build.0 = Debug|x64
		{BD391C05-BD57-7D1B-4EC2-BAC803B95937}.DebugMDd|ARM.ActiveCfg = Debug|x64
		{BD391C05-BD57-7D1B-4EC2-BAC803B95937}.DebugMDd|ARM.Build.0 = Debug|x64
		{BD391C05-BD57-7D1B-4EC2-BAC803B95937}.DebugMDd|ARM64.ActiveCfg = Debug|x64
		{BD391C05-BD57-7D1B-4EC2-BAC803B95937}.DebugMDd|ARM64.Build.0 = Debug|x64
		{BD391C05-BD57-7D1B-4EC2-BAC803B95937}.DebugMDd|x64.ActiveCfg = Debug|x64
		{BD391C05-BD57-7D1B-4EC2-BAC803B95937}.DebugMDd|x64.Build.0 = Debug|x64
		{BD391C05-BD57-7D1B-4EC2-BAC803B95937}.DebugMDd|x86.ActiveCfg = Debug|Win32
		{BD391C05-BD57-7D1B-4EC2-BAC803B95937}.DebugMDd|x86.Build.0 = Debug|Win32
		{BD391C05-BD57-7D1B-4EC2-BAC803B95937}.Release|Any CPU.ActiveCfg = Release|x64
		{BD391C05-BD57-7D1B-4EC2-BAC803B95937}.Release|Any CPU.Build.0 = Release|x64
		{BD391C05-BD57-7D1B-4EC2-BAC803B95937}.Release|ARM.ActiveCfg = Release|x64
		{BD391C05-BD57-7D1B-4EC2-BAC803B95937}.Release|ARM.Build.0 = Release|x64
		{BD391C05-BD57-7D1B-4EC2-BAC803B95937}.Release|ARM64.ActiveCfg = Release|x64
		{BD391C05-BD57-7D1B-4EC2-BAC803B95937}.Release|ARM64.Build.0 = Release|x64
		{BD391C05-BD57-7D1B-4EC2-BAC803B95937}.Release|x64.ActiveCfg = Release|x64
		{BD391C05-BD57-7D1B-4EC2-BAC803B95937}.Release|x64.Build.0 = Release|x64
		{BD391C05-BD57-7D1B-4EC2-BAC803B95937}.Release|x86.ActiveCfg = Release|Win32
		{BD391C05-BD57-7D1B-4EC2-BAC803B95937}.Release|x86.Build.0 = Release|Win32
		{BD391C05-BD57-7D1B-4EC2-BAC803B95937}.ReleaseMD|Any CPU.ActiveCfg = Release|x64
		{BD391C05-BD57-7D1B-4EC2-BAC803B95937}.ReleaseMD|Any CPU.Build.0 = Release|x64
		{BD391C05-BD57-7D1B-4EC2-BAC803B95937}.ReleaseMD|ARM.ActiveCfg = Release|x64
		{BD391C05-BD57-7D1B-4EC2-BAC803B95937}.ReleaseMD|ARM.Build.0 = Release|x64
		{BD391C05-BD57-7D1B-4EC2-BAC803B95937}.ReleaseMD|ARM64.ActiveCfg = Release|x64
		{BD391C05-BD57-7D1B-4EC2-BAC803B95937}.ReleaseMD|ARM64.Build.0 = Release|x64
		{BD391C05-BD57-7D1B-4EC2-BAC803B95937}.ReleaseMD|x64.ActiveCfg = Release|x64
		{BD391C05-BD57-7D1B-4EC2-BAC803B95937}.ReleaseMD|x64.Build.0 = Release|x64
		{BD391C05-BD57-7D1B-4EC2-BAC803B95937}.ReleaseMD|x86.ActiveCfg = Release|Win32
		{BD391C05-BD57-7D1B-4EC2-BAC803B95937}.ReleaseMD|x86.Build.0 = Release|Win32
	EndGlobalSection
	GlobalSection(SolutionProperties) = preSolution
		HideSolutionNode = FALSE
	EndGlobalSection
	GlobalSection(ExtensibilityGlobals) = postSolution
		SolutionGuid = {1E71C644-7F30-4025-B1DF-6A4F07A2EDB3}
	EndGlobalSection
EndGlobal
